{
  "name": "rubyourhands",
  "version": "1.0.0",
  "lockfileVersion": 1,
  "requires": true,
  "dependencies": {
    "echarts": {
      "version": "4.1.0",
      "resolved": "https://registry.npmjs.org/echarts/-/echarts-4.1.0.tgz",
      "integrity": "sha512-gP1e1fNnAj9KJpTDLXV21brklbfJlqeINmpQDJCDta9TX3cPoqyQOiDVcEPzbOVHqgBRgTOwNxC5iGwJ89014A==",
      "requires": {
        "zrender": "4.0.4"
      }
    },
    "echarts-amap": {
      "version": "1.0.0-rc.6",
      "resolved": "https://registry.npmjs.org/echarts-amap/-/echarts-amap-1.0.0-rc.6.tgz",
      "integrity": "sha1-V4KnTa7lLtRM4/j2JXdWF4PwnhY="
    },
    "numerify": {
      "version": "1.2.9",
      "resolved": "https://registry.npmjs.org/numerify/-/numerify-1.2.9.tgz",
      "integrity": "sha512-X4QzQiytV5ZN3TVLhzbtFzjTarUNnaa1pgNDFqt7u7Nqhxe7FvY2eYrGt4WYHlYXDqgtfC/n/a5nJ2y0LijV8w=="
    },
    "utils-lite": {
      "version": "0.1.10",
      "resolved": "https://registry.npmjs.org/utils-lite/-/utils-lite-0.1.10.tgz",
      "integrity": "sha512-jlHvdtI8MyWURF/3u+ufIjf1Cs5WjN6WZl9qO8dEkZsVjaI7X5YMUhaCFzkvB69ljt6fo4Dd7V/Oj2NJOFDFOQ=="
    },
    "v-charts": {
      "version": "1.17.10",
      "resolved": "https://registry.npmjs.org/v-charts/-/v-charts-1.17.10.tgz",
      "integrity": "sha512-TxUvVUkBsJsal2cOwApCHHc7QSb2etUYabD2v74Wks9Wp4zGRk+F3R0oBTlveOSR/Q3an+gP8zO3LsZkRP7mog==",
      "requires": {
        "echarts-amap": "1.0.0-rc.6",
        "numerify": "1.2.9",
        "utils-lite": "0.1.10"
      }
    },
    "zrender": {
      "version": "4.0.4",
      "resolved": "https://registry.npmjs.org/zrender/-/zrender-4.0.4.tgz",
      "integrity": "sha512-03Vd/BDl/cPXp8E61f5+Xbgr/a4vDyFA+uUtUc1s+5KgcPbyY2m+78R/9LQwkR6QwFYHG8qk25Q8ESGs/qpkZw=="
    }
  }
}
